
Microsoft Visual Studio Solution File, Format Version 12.00
# Visual Studio Version 16
VisualStudioVersion = 16.0.29230.47
MinimumVisualStudioVersion = 10.0.40219.1
Project("{FAE04EC0-301F-11D3-BF4B-00C04F79EFBC}") = "Client", "Client\Client.csproj", "{A8B5ACB6-7D43-4180-9E21-4E97A9B8F4AF}"
EndProject
Project("{FAE04EC0-301F-11D3-BF4B-00C04F79EFBC}") = "Server", "Server\Server.csproj", "{9FC872F6-55C1-4212-A7AD-89C8FE50DACC}"
EndProject
Project("{FAE04EC0-301F-11D3-BF4B-00C04F79EFBC}") = "SteamStoreAPI", "SteamStore\SteamStoreAPI.csproj", "{56143C51-C1D1-4AA8-9374-F1BF999EAF72}"
EndProject
Global
	GlobalSection(SolutionConfigurationPlatforms) = preSolution
		Debug|Any CPU = Debug|Any CPU
		Release|Any CPU = Release|Any CPU
	EndGlobalSection
	GlobalSection(ProjectConfigurationPlatforms) = postSolution
		{A8B5ACB6-7D43-4180-9E21-4E97A9B8F4AF}.Debug|Any CPU.ActiveCfg = Debug|Any CPU
		{A8B5ACB6-7D43-4180-9E21-4E97A9B8F4AF}.Debug|Any CPU.Build.0 = Debug|Any CPU
		{A8B5ACB6-7D43-4180-9E21-4E97A9B8F4AF}.Release|Any CPU.ActiveCfg = Release|Any CPU
		{A8B5ACB6-7D43-4180-9E21-4E97A9B8F4AF}.Release|Any CPU.Build.0 = Release|Any CPU
		{9FC872F6-55C1-4212-A7AD-89C8FE50DACC}.Debug|Any CPU.ActiveCfg = Debug|Any CPU
		{9FC872F6-55C1-4212-A7AD-89C8FE50DACC}.Debug|Any CPU.Build.0 = Debug|Any CPU
		{9FC872F6-55C1-4212-A7AD-89C8FE50DACC}.Release|Any CPU.ActiveCfg = Release|Any CPU
		{9FC872F6-55C1-4212-A7AD-89C8FE50DACC}.Release|Any CPU.Build.0 = Release|Any CPU
		{56143C51-C1D1-4AA8-9374-F1BF999EAF72}.Debug|Any CPU.ActiveCfg = Debug|Any CPU
		{56143C51-C1D1-4AA8-9374-F1BF999EAF72}.Debug|Any CPU.Build.0 = Debug|Any CPU
		{56143C51-C1D1-4AA8-9374-F1BF999EAF72}.Release|Any CPU.ActiveCfg = Release|Any CPU
		{56143C51-C1D1-4AA8-9374-F1BF999EAF72}.Release|Any CPU.Build.0 = Release|Any CPU
	EndGlobalSection
	GlobalSection(SolutionProperties) = preSolution
		HideSolutionNode = FALSE
	EndGlobalSection
	GlobalSection(ExtensibilityGlobals) = postSolution
		SolutionGuid = {3B32A881-DE24-4DE0-B3F9-E998FA75F7D2}
	EndGlobalSection
EndGlobal
